// !$*UTF8*$!
{
	archiveVersion = 1;
	classes = {
	};
	objectVersion = 50;
	objects = {

/* Begin PBXBuildFile section */
		3B16FEA2218257CC001DD52D /* AppDelegate.swift in Sources */ = {isa = PBXBuildFile; fileRef = 3B16FEA1218257CC001DD52D /* AppDelegate.swift */; };
		3B16FEA4218257CC001DD52D /* ViewController.swift in Sources */ = {isa = PBXBuildFile; fileRef = 3B16FEA3218257CC001DD52D /* ViewController.swift */; };
		3B16FEA7218257CC001DD52D /* Main.storyboard in Resources */ = {isa = PBXBuildFile; fileRef = 3B16FEA5218257CC001DD52D /* Main.storyboard */; };
		3B16FEA9218257CD001DD52D /* Assets.xcassets in Resources */ = {isa = PBXBuildFile; fileRef = 3B16FEA8218257CD001DD52D /* Assets.xcassets */; };
		3B16FEAC218257CD001DD52D /* LaunchScreen.storyboard in Resources */ = {isa = PBXBuildFile; fileRef = 3B16FEAA218257CD001DD52D /* LaunchScreen.storyboard */; };
		3B16FEB7218257CD001DD52D /* TRY2Tests.swift in Sources */ = {isa = PBXBuildFile; fileRef = 3B16FEB6218257CD001DD52D /* TRY2Tests.swift */; };
		3B16FEC2218257CD001DD52D /* TRY2UITests.swift in Sources */ = {isa = PBXBuildFile; fileRef = 3B16FEC1218257CD001DD52D /* TRY2UITests.swift */; };
/* End PBXBuildFile section */

/* Begin PBXContainerItemProxy section */
		3B16FEB3218257CD001DD52D /* PBXContainerItemProxy */ = {
			isa = PBXContainerItemProxy;
			containerPortal = 3B16FE96218257CC001DD52D /* Project object */;
			proxyType = 1;
			remoteGlobalIDString = 3B16FE9D218257CC001DD52D;
			remoteInfo = TRY2;
		};
		3B16FEBE218257CD001DD52D /* PBXContainerItemProxy */ = {
			isa = PBXContainerItemProxy;
			containerPortal = 3B16FE96218257CC001DD52D /* Project object */;
			proxyType = 1;
			remoteGlobalIDString = 3B16FE9D218257CC001DD52D;
			remoteInfo = TRY2;
		};
/* End PBXContainerItemProxy section */

/* Begin PBXFileReference section */
		3B16FE9E218257CC001DD52D /* TRY2.app */ = {isa = PBXFileReference; explicitFileType = wrapper.application; includeInIndex = 0; path = TRY2.app; sourceTree = BUILT_PRODUCTS_DIR; };
		3B16FEA1218257CC001DD52D /* AppDelegate.swift */ = {isa = PBXFileReference; lastKnownFileType = sourcecode.swift; path = AppDelegate.swift; sourceTree = "<group>"; };
		3B16FEA3218257CC001DD52D /* ViewController.swift */ = {isa = PBXFileReference; lastKnownFileType = sourcecode.swift; path = ViewController.swift; sourceTree = "<group>"; };
		3B16FEA6218257CC001DD52D /* Base */ = {isa = PBXFileReference; lastKnownFileType = file.storyboard; name = Base; path = Base.lproj/Main.storyboard; sourceTree = "<group>"; };
		3B16FEA8218257CD001DD52D /* Assets.xcassets */ = {isa = PBXFileReference; lastKnownFileType = folder.assetcatalog; path = Assets.xcassets; sourceTree = "<group>"; };
		3B16FEAB218257CD001DD52D /* Base */ = {isa = PBXFileReference; lastKnownFileType = file.storyboard; name = Base; path = Base.lproj/LaunchScreen.storyboard; sourceTree = "<group>"; };
		3B16FEAD218257CD001DD52D /* Info.plist */ = {isa = PBXFileReference; lastKnownFileType = text.plist.xml; path = Info.plist; sourceTree = "<group>"; };
		3B16FEB2218257CD001DD52D /* TRY2Tests.xctest */ = {isa = PBXFileReference; explicitFileType = wrapper.cfbundle; includeInIndex = 0; path = TRY2Tests.xctest; sourceTree = BUILT_PRODUCTS_DIR; };
		3B16FEB6218257CD001DD52D /* TRY2Tests.swift */ = {isa = PBXFileReference; lastKnownFileType = sourcecode.swift; path = TRY2Tests.swift; sourceTree = "<group>"; };
		3B16FEB8218257CD001DD52D /* Info.plist */ = {isa = PBXFileReference; lastKnownFileType = text.plist.xml; path = Info.plist; sourceTree = "<group>"; };
		3B16FEBD218257CD001DD52D /* TRY2UITests.xctest */ = {isa = PBXFileReference; explicitFileType = wrapper.cfbundle; includeInIndex = 0; path = TRY2UITests.xctest; sourceTree = BUILT_PRODUCTS_DIR; };
		3B16FEC1218257CD001DD52D /* TRY2UITests.swift */ = {isa = PBXFileReference; lastKnownFileType = sourcecode.swift; path = TRY2UITests.swift; sourceTree = "<group>"; };
		3B16FEC3218257CD001DD52D /* Info.plist */ = {isa = PBXFileReference; lastKnownFileType = text.plist.xml; path = Info.plist; sourceTree = "<group>"; };
/* End PBXFileReference section */

/* Begin PBXFrameworksBuildPhase section */
		3B16FE9B218257CC001DD52D /* Frameworks */ = {
			isa = PBXFrameworksBuildPhase;
			buildActionMask = 2147483647;
			files = (
			);
			runOnlyForDeploymentPostprocessing = 0;
		};
		3B16FEAF218257CD001DD52D /* Frameworks */ = {
			isa = PBXFrameworksBuildPhase;
			buildActionMask = 2147483647;
			files = (
			);
			runOnlyForDeploymentPostprocessing = 0;
		};
		3B16FEBA218257CD001DD52D /* Frameworks */ = {
			isa = PBXFrameworksBuildPhase;
			buildActionMask = 2147483647;
			files = (
			);
			runOnlyForDeploymentPostprocessing = 0;
		};
/* End PBXFrameworksBuildPhase section */

/* Begin PBXGroup section */
		3B16FE95218257CC001DD52D = {
			isa = PBXGroup;
			children = (
				3B16FEA0218257CC001DD52D /* TRY2 */,
				3B16FEB5218257CD001DD52D /* TRY2Tests */,
				3B16FEC0218257CD001DD52D /* TRY2UITests */,
				3B16FE9F218257CC001DD52D /* Products */,
			);
			sourceTree = "<group>";
		};
		3B16FE9F218257CC001DD52D /* Products */ = {
			isa = PBXGroup;
			children = (
				3B16FE9E218257CC001DD52D /* TRY2.app */,
				3B16FEB2218257CD001DD52D /* TRY2Tests.xctest */,
				3B16FEBD218257CD001DD52D /* TRY2UITests.xctest */,
			);
			name = Products;
			sourceTree = "<group>";
		};
		3B16FEA0218257CC001DD52D /* TRY2 */ = {
			isa = PBXGroup;
			children = (
				3B16FEA1218257CC001DD52D /* AppDelegate.swift */,
				3B16FEA3218257CC001DD52D /* ViewController.swift */,
				3B16FEA5218257CC001DD52D /* Main.storyboard */,
				3B16FEA8218257CD001DD52D /* Assets.xcassets */,
				3B16FEAA218257CD001DD52D /* LaunchScreen.storyboard */,
				3B16FEAD218257CD001DD52D /* Info.plist */,
			);
			path = TRY2;
			sourceTree = "<group>";
		};
		3B16FEB5218257CD001DD52D /* TRY2Tests */ = {
			isa = PBXGroup;
			children = (
				3B16FEB6218257CD001DD52D /* TRY2Tests.swift */,
				3B16FEB8218257CD001DD52D /* Info.plist */,
			);
			path = TRY2Tests;
			sourceTree = "<group>";
		};
		3B16FEC0218257CD001DD52D /* TRY2UITests */ = {
			isa = PBXGroup;
			children = (
				3B16FEC1218257CD001DD52D /* TRY2UITests.swift */,
				3B16FEC3218257CD001DD52D /* Info.plist */,
			);
			path = TRY2UITests;
			sourceTree = "<group>";
		};
/* End PBXGroup section */

/* Begin PBXNativeTarget section */
		3B16FE9D218257CC001DD52D /* TRY2 */ = {
			isa = PBXNativeTarget;
			buildConfigurationList = 3B16FEC6218257CD001DD52D /* Build configuration list for PBXNativeTarget "TRY2" */;
			buildPhases = (
				3B16FE9A218257CC001DD52D /* Sources */,
				3B16FE9B218257CC001DD52D /* Frameworks */,
				3B16FE9C218257CC001DD52D /* Resources */,
			);
			buildRules = (
			);
			dependencies = (
			);
			name = TRY2;
			productName = TRY2;
			productReference = 3B16FE9E218257CC001DD52D /* TRY2.app */;
			productType = "com.apple.product-type.application";
		};
		3B16FEB1218257CD001DD52D /* TRY2Tests */ = {
			isa = PBXNativeTarget;
			buildConfigurationList = 3B16FEC9218257CD001DD52D /* Build configuration list for PBXNativeTarget "TRY2Tests" */;
			buildPhases = (
				3B16FEAE218257CD001DD52D /* Sources */,
				3B16FEAF218257CD001DD52D /* Frameworks */,
				3B16FEB0218257CD001DD52D /* Resources */,
			);
			buildRules = (
			);
			dependencies = (
				3B16FEB4218257CD001DD52D /* PBXTargetDependency */,
			);
			name = TRY2Tests;
			productName = TRY2Tests;
			productReference = 3B16FEB2218257CD001DD52D /* TRY2Tests.xctest */;
			productType = "com.apple.product-type.bundle.unit-test";
		};
		3B16FEBC218257CD001DD52D /* TRY2UITests */ = {
			isa = PBXNativeTarget;
			buildConfigurationList = 3B16FECC218257CD001DD52D /* Build configuration list for PBXNativeTarget "TRY2UITests" */;
			buildPhases = (
				3B16FEB9218257CD001DD52D /* Sources */,
				3B16FEBA218257CD001DD52D /* Frameworks */,
				3B16FEBB218257CD001DD52D /* Resources */,
			);
			buildRules = (
			);
			dependencies = (
				3B16FEBF218257CD001DD52D /* PBXTargetDependency */,
			);
			name = TRY2UITests;
			productName = TRY2UITests;
			productReference = 3B16FEBD218257CD001DD52D /* TRY2UITests.xctest */;
			productType = "com.apple.product-type.bundle.ui-testing";
		};
/* End PBXNativeTarget section */

/* Begin PBXProject section */
		3B16FE96218257CC001DD52D /* Project object */ = {
			isa = PBXProject;
			attributes = {
				LastSwiftUpdateCheck = 0940;
				LastUpgradeCheck = 0940;
				ORGANIZATIONNAME = "Lama Alashed";
				TargetAttributes = {
					3B16FE9D218257CC001DD52D = {
						CreatedOnToolsVersion = 9.4.1;
					};
					3B16FEB1218257CD001DD52D = {
						CreatedOnToolsVersion = 9.4.1;
						TestTargetID = 3B16FE9D218257CC001DD52D;
					};
					3B16FEBC218257CD001DD52D = {
						CreatedOnToolsVersion = 9.4.1;
						TestTargetID = 3B16FE9D218257CC001DD52D;
					};
				};
			};
			buildConfigurationList = 3B16FE99218257CC001DD52D /* Build configuration list for PBXProject "TRY2" */;
			compatibilityVersion = "Xcode 9.3";
			developmentRegion = en;
			hasScannedForEncodings = 0;
			knownRegions = (
				en,
				Base,
			);
			mainGroup = 3B16FE95218257CC001DD52D;
			productRefGroup = 3B16FE9F218257CC001DD52D /* Products */;
			projectDirPath = "";
			projectRoot = "";
			targets = (
				3B16FE9D218257CC001DD52D /* TRY2 */,
				3B16FEB1218257CD001DD52D /* TRY2Tests */,
				3B16FEBC218257CD001DD52D /* TRY2UITests */,
			);
		};
/* End PBXProject section */

/* Begin PBXResourcesBuildPhase section */
		3B16FE9C218257CC001DD52D /* Resources */ = {
			isa = PBXResourcesBuildPhase;
			buildActionMask = 2147483647;
			files = (
				3B16FEAC218257CD001DD52D /* LaunchScreen.storyboard in Resources */,
				3B16FEA9218257CD001DD52D /* Assets.xcassets in Resources */,
				3B16FEA7218257CC001DD52D /* Main.storyboard in Resources */,
			);
			runOnlyForDeploymentPostprocessing = 0;
		};
		3B16FEB0218257CD001DD52D /* Resources */ = {
			isa = PBXResourcesBuildPhase;
			buildActionMask = 2147483647;
			files = (
			);
			runOnlyForDeploymentPostprocessing = 0;
		};
		3B16FEBB218257CD001DD52D /* Resources */ = {
			isa = PBXResourcesBuildPhase;
			buildActionMask = 2147483647;
			files = (
			);
			runOnlyForDeploymentPostprocessing = 0;
		};
/* End PBXResourcesBuildPhase section */

/* Begin PBXSourcesBuildPhase section */
		3B16FE9A218257CC001DD52D /* Sources */ = {
			isa = PBXSourcesBuildPhase;
			buildActionMask = 2147483647;
			files = (
				3B16FEA4218257CC001DD52D /* ViewController.swift in Sources */,
				3B16FEA2218257CC001DD52D /* AppDelegate.swift in Sources */,
			);
			runOnlyForDeploymentPostprocessing = 0;
		};
		3B16FEAE218257CD001DD52D /* Sources */ = {
			isa = PBXSourcesBuildPhase;
			buildActionMask = 2147483647;
			files = (
				3B16FEB7218257CD001DD52D /* TRY2Tests.swift in Sources */,
			);
			runOnlyForDeploymentPostprocessing = 0;
		};
		3B16FEB9218257CD001DD52D /* Sources */ = {
			isa = PBXSourcesBuildPhase;
			buildActionMask = 2147483647;
			files = (
				3B16FEC2218257CD001DD52D /* TRY2UITests.swift in Sources */,
			);
			runOnlyForDeploymentPostprocessing = 0;
		};
/* End PBXSourcesBuildPhase section */

/* Begin PBXTargetDependency section */
		3B16FEB4218257CD001DD52D /* PBXTargetDependency */ = {
			isa = PBXTargetDependency;
			target = 3B16FE9D218257CC001DD52D /* TRY2 */;
			targetProxy = 3B16FEB3218257CD001DD52D /* PBXContainerItemProxy */;
		};
		3B16FEBF218257CD001DD52D /* PBXTargetDependency */ = {
			isa = PBXTargetDependency;
			target = 3B16FE9D218257CC001DD52D /* TRY2 */;
			targetProxy = 3B16FEBE218257CD001DD52D /* PBXContainerItemProxy */;
		};
/* End PBXTargetDependency section */

/* Begin PBXVariantGroup section */
		3B16FEA5218257CC001DD52D /* Main.storyboard */ = {
			isa = PBXVariantGroup;
			children = (
				3B16FEA6218257CC001DD52D /* Base */,
			);
			name = Main.storyboard;
			sourceTree = "<group>";
		};
		3B16FEAA218257CD001DD52D /* LaunchScreen.storyboard */ = {
			isa = PBXVariantGroup;
			children = (
				3B16FEAB218257CD001DD52D /* Base */,
			);
			name = LaunchScreen.storyboard;
			sourceTree = "<group>";
		};
/* End PBXVariantGroup section */

/* Begin XCBuildConfiguration section */
		3B16FEC4218257CD001DD52D /* Debug */ = {
			isa = XCBuildConfiguration;
			buildSettings = {
				ALWAYS_SEARCH_USER_PATHS = NO;
				CLANG_ANALYZER_NONNULL = YES;
				CLANG_ANALYZER_NUMBER_OBJECT_CONVERSION = YES_AGGRESSIVE;
				CLANG_CXX_LANGUAGE_STANDARD = "gnu++14";
				CLANG_CXX_LIBRARY = "libc++";
				CLANG_ENABLE_MODULES = YES;
				CLANG_ENABLE_OBJC_ARC = YES;
				CLANG_ENABLE_OBJC_WEAK = YES;
				CLANG_WARN_BLOCK_CAPTURE_AUTORELEASING = YES;
				CLANG_WARN_BOOL_CONVERSION = YES;
				CLANG_WARN_COMMA = YES;
				CLANG_WARN_CONSTANT_CONVERSION = YES;
				CLANG_WARN_DEPRECATED_OBJC_IMPLEMENTATIONS = YES;
				CLANG_WARN_DIRECT_OBJC_ISA_USAGE = YES_ERROR;
				CLANG_WARN_DOCUMENTATION_COMMENTS = YES;
				CLANG_WARN_EMPTY_BODY = YES;
				CLANG_WARN_ENUM_CONVERSION = YES;
				CLANG_WARN_INFINITE_RECURSION = YES;
				CLANG_WARN_INT_CONVERSION = YES;
				CLANG_WARN_NON_LITERAL_NULL_CONVERSION = YES;
				CLANG_WARN_OBJC_IMPLICIT_RETAIN_SELF = YES;
				CLANG_WARN_OBJC_LITERAL_CONVERSION = YES;
				CLANG_WARN_OBJC_ROOT_CLASS = YES_ERROR;
				CLANG_WARN_RANGE_LOOP_ANALYSIS = YES;
				CLANG_WARN_STRICT_PROTOTYPES = YES;
				CLANG_WARN_SUSPICIOUS_MOVE = YES;
				CLANG_WARN_UNGUARDED_AVAILABILITY = YES_AGGRESSIVE;
				CLANG_WARN_UNREACHABLE_CODE = YES;
				CLANG_WARN__DUPLICATE_METHOD_MATCH = YES;
				CODE_SIGN_IDENTITY = "iPhone Developer";
				COPY_PHASE_STRIP = NO;
				DEBUG_INFORMATION_FORMAT = dwarf;
				ENABLE_STRICT_OBJC_MSGSEND = YES;
				ENABLE_TESTABILITY = YES;
				GCC_C_LANGUAGE_STANDARD = gnu11;
				GCC_DYNAMIC_NO_PIC = NO;
				GCC_NO_COMMON_BLOCKS = YES;
				GCC_OPTIMIZATION_LEVEL = 0;
				GCC_PREPROCESSOR_DEFINITIONS = (
					"DEBUG=1",
					"$(inherited)",
				);
				GCC_WARN_64_TO_32_BIT_CONVERSION = YES;
				GCC_WARN_ABOUT_RETURN_TYPE = YES_ERROR;
				GCC_WARN_UNDECLARED_SELECTOR = YES;
				GCC_WARN_UNINITIALIZED_AUTOS = YES_AGGRESSIVE;
				GCC_WARN_UNUSED_FUNCTION = YES;
				GCC_WARN_UNUSED_VARIABLE = YES;
				IPHONEOS_DEPLOYMENT_TARGET = 11.4;
				MTL_ENABLE_DEBUG_INFO = YES;
				ONLY_ACTIVE_ARCH = YES;
				SDKROOT = iphoneos;
				SWIFT_ACTIVE_COMPILATION_CONDITIONS = DEBUG;
				SWIFT_OPTIMIZATION_LEVEL = "-Onone";
			};
			name = Debug;
		};
		3B16FEC5218257CD001DD52D /* Release */ = {
			isa = XCBuildConfiguration;
			buildSettings = {
				ALWAYS_SEARCH_USER_PATHS = NO;
				CLANG_ANALYZER_NONNULL = YES;
				CLANG_ANALYZER_NUMBER_OBJECT_CONVERSION = YES_AGGRESSIVE;
				CLANG_CXX_LANGUAGE_STANDARD = "gnu++14";
				CLANG_CXX_LIBRARY = "libc++";
				CLANG_ENABLE_MODULES = YES;
				CLANG_ENABLE_OBJC_ARC = YES;
				CLANG_ENABLE_OBJC_WEAK = YES;
				CLANG_WARN_BLOCK_CAPTURE_AUTORELEASING = YES;
				CLANG_WARN_BOOL_CONVERSION = YES;
				CLANG_WARN_COMMA = YES;
				CLANG_WARN_CONSTANT_CONVERSION = YES;
				CLANG_WARN_DEPRECATED_OBJC_IMPLEMENTATIONS = YES;
				CLANG_WARN_DIRECT_OBJC_ISA_USAGE = YES_ERROR;
				CLANG_WARN_DOCUMENTATION_COMMENTS = YES;
				CLANG_WARN_EMPTY_BODY = YES;
				CLANG_WARN_ENUM_CONVERSION = YES;
				CLANG_WARN_INFINITE_RECURSION = YES;
				CLANG_WARN_INT_CONVERSION = YES;
				CLANG_WARN_NON_LITERAL_NULL_CONVERSION = YES;
				CLANG_WARN_OBJC_IMPLICIT_RETAIN_SELF = YES;
				CLANG_WARN_OBJC_LITERAL_CONVERSION = YES;
				CLANG_WARN_OBJC_ROOT_CLASS = YES_ERROR;
				CLANG_WARN_RANGE_LOOP_ANALYSIS = YES;
				CLANG_WARN_STRICT_PROTOTYPES = YES;
				CLANG_WARN_SUSPICIOUS_MOVE = YES;
				CLANG_WARN_UNGUARDED_AVAILABILITY = YES_AGGRESSIVE;
				CLANG_WARN_UNREACHABLE_CODE = YES;
				CLANG_WARN__DUPLICATE_METHOD_MATCH = YES;
				CODE_SIGN_IDENTITY = "iPhone Developer";
				COPY_PHASE_STRIP = NO;
				DEBUG_INFORMATION_FORMAT = "dwarf-with-dsym";
				ENABLE_NS_ASSERTIONS = NO;
				ENABLE_STRICT_OBJC_MSGSEND = YES;
				GCC_C_LANGUAGE_STANDARD = gnu11;
				GCC_NO_COMMON_BLOCKS = YES;
				GCC_WARN_64_TO_32_BIT_CONVERSION = YES;
				GCC_WARN_ABOUT_RETURN_TYPE = YES_ERROR;
				GCC_WARN_UNDECLARED_SELECTOR = YES;
				GCC_WARN_UNINITIALIZED_AUTOS = YES_AGGRESSIVE;
				GCC_WARN_UNUSED_FUNCTION = YES;
				GCC_WARN_UNUSED_VARIABLE = YES;
				IPHONEOS_DEPLOYMENT_TARGET = 11.4;
				MTL_ENABLE_DEBUG_INFO = NO;
				SDKROOT = iphoneos;
				SWIFT_COMPILATION_MODE = wholemodule;
				SWIFT_OPTIMIZATION_LEVEL = "-O";
				VALIDATE_PRODUCT = YES;
			};
			name = Release;
		};
		3B16FEC7218257CD001DD52D /* Debug */ = {
			isa = XCBuildConfiguration;
			buildSettings = {
				ASSETCATALOG_COMPILER_APPICON_NAME = AppIcon;
				CODE_SIGN_STYLE = Automatic;
				DEVELOPMENT_TEAM = LKJKRC2Z37;
				INFOPLIST_FILE = TRY2/Info.plist;
				LD_RUNPATH_SEARCH_PATHS = (
					"$(inherited)",
					"@executable_path/Frameworks",
				);
				PRODUCT_BUNDLE_IDENTIFIER = exe1.TRY2;
				PRODUCT_NAME = "$(TARGET_NAME)";
				SWIFT_VERSION = 4.0;
				TARGETED_DEVICE_FAMILY = "1,2";
			};
			name = Debug;
		};
		3B16FEC8218257CD001DD52D /* Release */ = {
			isa = XCBuildConfiguration;
			buildSettings = {
				ASSETCATALOG_COMPILER_APPICON_NAME = AppIcon;
				CODE_SIGN_STYLE = Automatic;
				DEVELOPMENT_TEAM = LKJKRC2Z37;
				INFOPLIST_FILE = TRY2/Info.plist;
				LD_RUNPATH_SEARCH_PATHS = (
					"$(inherited)",
					"@executable_path/Frameworks",
				);
				PRODUCT_BUNDLE_IDENTIFIER = exe1.TRY2;
				PRODUCT_NAME = "$(TARGET_NAME)";
				SWIFT_VERSION = 4.0;
				TARGETED_DEVICE_FAMILY = "1,2";
			};
			name = Release;
		};
		3B16FECA218257CD001DD52D /* Debug */ = {
			isa = XCBuildConfiguration;
			buildSettings = {
				ALWAYS_EMBED_SWIFT_STANDARD_LIBRARIES = YES;
				BUNDLE_LOADER = "$(TEST_HOST)";
				CODE_SIGN_STYLE = Automatic;
				DEVELOPMENT_TEAM = LKJKRC2Z37;
				INFOPLIST_FILE = TRY2Tests/Info.plist;
				LD_RUNPATH_SEARCH_PATHS = (
					"$(inherited)",
					"@executable_path/Frameworks",
					"@loader_path/Frameworks",
				);
				PRODUCT_BUNDLE_IDENTIFIER = exe1.TRY2Tests;
				PRODUCT_NAME = "$(TARGET_NAME)";
				SWIFT_VERSION = 4.0;
				TARGETED_DEVICE_FAMILY = "1,2";
				TEST_HOST = "$(BUILT_PRODUCTS_DIR)/TRY2.app/TRY2";
			};
			name = Debug;
		};
		3B16FECB218257CD001DD52D /* Release */ = {
			isa = XCBuildConfiguration;
			buildSettings = {
				ALWAYS_EMBED_SWIFT_STANDARD_LIBRARIES = YES;
				BUNDLE_LOADER = "$(TEST_HOST)";
				CODE_SIGN_STYLE = Automatic;
				DEVELOPMENT_TEAM = LKJKRC2Z37;
				INFOPLIST_FILE = TRY2Tests/Info.plist;
				LD_RUNPATH_SEARCH_PATHS = (
					"$(inherited)",
					"@executable_path/Frameworks",
					"@loader_path/Frameworks",
				);
				PRODUCT_BUNDLE_IDENTIFIER = exe1.TRY2Tests;
				PRODUCT_NAME = "$(TARGET_NAME)";
				SWIFT_VERSION = 4.0;
				TARGETED_DEVICE_FAMILY = "1,2";
				TEST_HOST = "$(BUILT_PRODUCTS_DIR)/TRY2.app/TRY2";
			};
			name = Release;
		};
		3B16FECD218257CD001DD52D /* Debug */ = {
			isa = XCBuildConfiguration;
			buildSettings = {
				ALWAYS_EMBED_SWIFT_STANDARD_LIBRARIES = YES;
				CODE_SIGN_STYLE = Automatic;
				DEVELOPMENT_TEAM = LKJKRC2Z37;
				INFOPLIST_FILE = TRY2UITests/Info.plist;
				LD_RUNPATH_SEARCH_PATHS = (
					"$(inherited)",
					"@executable_path/Frameworks",
					"@loader_path/Frameworks",
				);
				PRODUCT_BUNDLE_IDENTIFIER = exe1.TRY2UITests;
				PRODUCT_NAME = "$(TARGET_NAME)";
				SWIFT_VERSION = 4.0;
				TARGETED_DEVICE_FAMILY = "1,2";
				TEST_TARGET_NAME = TRY2;
			};
			name = Debug;
		};
		3B16FECE218257CD001DD52D /* Release */ = {
			isa = XCBuildConfiguration;
			buildSettings = {
				ALWAYS_EMBED_SWIFT_STANDARD_LIBRARIES = YES;
				CODE_SIGN_STYLE = Automatic;
				DEVELOPMENT_TEAM = LKJKRC2Z37;
				INFOPLIST_FILE = TRY2UITests/Info.plist;
				LD_RUNPATH_SEARCH_PATHS = (
					"$(inherited)",
					"@executable_path/Frameworks",
					"@loader_path/Frameworks",
				);
				PRODUCT_BUNDLE_IDENTIFIER = exe1.TRY2UITests;
				PRODUCT_NAME = "$(TARGET_NAME)";
				SWIFT_VERSION = 4.0;
				TARGETED_DEVICE_FAMILY = "1,2";
				TEST_TARGET_NAME = TRY2;
			};
			name = Release;
		};
/* End XCBuildConfiguration section */

/* Begin XCConfigurationList section */
		3B16FE99218257CC001DD52D /* Build configuration list for PBXProject "TRY2" */ = {
			isa = XCConfigurationList;
			buildConfigurations = (
				3B16FEC4218257CD001DD52D /* Debug */,
				3B16FEC5218257CD001DD52D /* Release */,
			);
			defaultConfigurationIsVisible = 0;
			defaultConfigurationName = Release;
		};
		3B16FEC6218257CD001DD52D /* Build configuration list for PBXNativeTarget "TRY2" */ = {
			isa = XCConfigurationList;
			buildConfigurations = (
				3B16FEC7218257CD001DD52D /* Debug */,
				3B16FEC8218257CD001DD52D /* Release */,
			);
			defaultConfigurationIsVisible = 0;
			defaultConfigurationName = Release;
		};
		3B16FEC9218257CD001DD52D /* Build configuration list for PBXNativeTarget "TRY2Tests" */ = {
			isa = XCConfigurationList;
			buildConfigurations = (
				3B16FECA218257CD001DD52D /* Debug */,
				3B16FECB218257CD001DD52D /* Release */,
			);
			defaultConfigurationIsVisible = 0;
			defaultConfigurationName = Release;
		};
		3B16FECC218257CD001DD52D /* Build configuration list for PBXNativeTarget "TRY2UITests" */ = {
			isa = XCConfigurationList;
			buildConfigurations = (
				3B16FECD218257CD001DD52D /* Debug */,
				3B16FECE218257CD001DD52D /* Release */,
			);
			defaultConfigurationIsVisible = 0;
			defaultConfigurationName = Release;
		};
/* End XCConfigurationList section */
	};
	rootObject = 3B16FE96218257CC001DD52D /* Project object */;
}
